
Microsoft Visual Studio Solution File, Format Version 12.00
# Visual Studio 15
VisualStudioVersion = 15.0.26730.16
MinimumVisualStudioVersion = 10.0.40219.1
Project("{2150E333-8FDC-42A3-9474-1A3956D46DE8}") = ".paket", ".paket", "{3F667CC4-0891-4FCB-A15F-BDCE00C4669A}"
	ProjectSection(SolutionItems) = preProject
		appveyor.yml = appveyor.yml
		paket.dependencies = paket.dependencies
		paket.lock = paket.lock
		.paket\Readme.paket.md = .paket\Readme.paket.md
	EndProjectSection
EndProject
Project("{9A19103F-16F7-4668-BE54-9A1E7A4F7556}") = "Gu.Roslyn.Asserts", "Gu.Roslyn.Asserts\Gu.Roslyn.Asserts.csproj", "{FC4FEA0F-4047-4E99-A588-D0D4B9695F42}"
EndProject
Project("{9A19103F-16F7-4668-BE54-9A1E7A4F7556}") = "Gu.Roslyn.Asserts.Tests", "Gu.Roslyn.Asserts.Tests\Gu.Roslyn.Asserts.Tests.csproj", "{34E6A491-5742-40E1-B1BF-F210D43DEE1B}"
EndProject
Project("{2150E333-8FDC-42A3-9474-1A3956D46DE8}") = "docs", "docs", "{D8C50F8A-9F28-4CF7-83EB-A10EF7E88DF8}"
	ProjectSection(SolutionItems) = preProject
		LICENSE = LICENSE
		README.md = README.md
		RELEASE_NOTES.md = RELEASE_NOTES.md
	EndProjectSection
EndProject
Project("{9A19103F-16F7-4668-BE54-9A1E7A4F7556}") = "Gu.Roslyn.Asserts.XUnit", "Gu.Roslyn.Asserts.XUnit\Gu.Roslyn.Asserts.XUnit.csproj", "{F237D387-ED9B-457B-A871-B1FCFB5B9868}"
EndProject
Project("{9A19103F-16F7-4668-BE54-9A1E7A4F7556}") = "Gu.Roslyn.Asserts.Tests.WithMetadataReferencesAttribute", "Gu.Roslyn.Asserts.Tests.WithMetaDataReferencesAttribute\Gu.Roslyn.Asserts.Tests.WithMetadataReferencesAttribute.csproj", "{3FB66874-E38F-4CCE-8296-8C25C9C934E5}"
EndProject
Global
	GlobalSection(SolutionConfigurationPlatforms) = preSolution
		Debug|Any CPU = Debug|Any CPU
		Release|Any CPU = Release|Any CPU
	EndGlobalSection
	GlobalSection(ProjectConfigurationPlatforms) = postSolution
		{FC4FEA0F-4047-4E99-A588-D0D4B9695F42}.Debug|Any CPU.ActiveCfg = Debug|Any CPU
		{FC4FEA0F-4047-4E99-A588-D0D4B9695F42}.Debug|Any CPU.Build.0 = Debug|Any CPU
		{FC4FEA0F-4047-4E99-A588-D0D4B9695F42}.Release|Any CPU.ActiveCfg = Release|Any CPU
		{FC4FEA0F-4047-4E99-A588-D0D4B9695F42}.Release|Any CPU.Build.0 = Release|Any CPU
		{34E6A491-5742-40E1-B1BF-F210D43DEE1B}.Debug|Any CPU.ActiveCfg = Debug|Any CPU
		{34E6A491-5742-40E1-B1BF-F210D43DEE1B}.Debug|Any CPU.Build.0 = Debug|Any CPU
		{34E6A491-5742-40E1-B1BF-F210D43DEE1B}.Release|Any CPU.ActiveCfg = Release|Any CPU
		{34E6A491-5742-40E1-B1BF-F210D43DEE1B}.Release|Any CPU.Build.0 = Release|Any CPU
		{F237D387-ED9B-457B-A871-B1FCFB5B9868}.Debug|Any CPU.ActiveCfg = Debug|Any CPU
		{F237D387-ED9B-457B-A871-B1FCFB5B9868}.Debug|Any CPU.Build.0 = Debug|Any CPU
		{F237D387-ED9B-457B-A871-B1FCFB5B9868}.Release|Any CPU.ActiveCfg = Release|Any CPU
		{F237D387-ED9B-457B-A871-B1FCFB5B9868}.Release|Any CPU.Build.0 = Release|Any CPU
		{3FB66874-E38F-4CCE-8296-8C25C9C934E5}.Debug|Any CPU.ActiveCfg = Debug|Any CPU
		{3FB66874-E38F-4CCE-8296-8C25C9C934E5}.Debug|Any CPU.Build.0 = Debug|Any CPU
		{3FB66874-E38F-4CCE-8296-8C25C9C934E5}.Release|Any CPU.ActiveCfg = Release|Any CPU
		{3FB66874-E38F-4CCE-8296-8C25C9C934E5}.Release|Any CPU.Build.0 = Release|Any CPU
	EndGlobalSection
	GlobalSection(SolutionProperties) = preSolution
		HideSolutionNode = FALSE
	EndGlobalSection
	GlobalSection(ExtensibilityGlobals) = postSolution
		SolutionGuid = {AB4ABB55-CBF6-4808-9210-03BF3C92AAA4}
	EndGlobalSection
EndGlobal
